// !$*UTF8*$!
{
	archiveVersion = 1;
	classes = {
	};
	objectVersion = 46;
	objects = {

/* Begin PBXBuildFile section */
		2617C25D1DB1CC9F005E4A84 /* Video.swift in Sources */ = {isa = PBXBuildFile; fileRef = 2617C25C1DB1CC9F005E4A84 /* Video.swift */; };
		2617C25F1DB43970005E4A84 /* SettingLauncher.swift in Sources */ = {isa = PBXBuildFile; fileRef = 2617C25E1DB43970005E4A84 /* SettingLauncher.swift */; };
		2617C2611DB49839005E4A84 /* SettingCell.swift in Sources */ = {isa = PBXBuildFile; fileRef = 2617C2601DB49839005E4A84 /* SettingCell.swift */; };
		265A90771DB038F000CD4CDF /* Extension.swift in Sources */ = {isa = PBXBuildFile; fileRef = 265A90761DB038F000CD4CDF /* Extension.swift */; };
		265A907A1DB0394C00CD4CDF /* VideoCell.swift in Sources */ = {isa = PBXBuildFile; fileRef = 265A90791DB0394C00CD4CDF /* VideoCell.swift */; };
		265A907E1DB03EC700CD4CDF /* MenuBar.swift in Sources */ = {isa = PBXBuildFile; fileRef = 265A907D1DB03EC700CD4CDF /* MenuBar.swift */; };
		2663C0DC1DAEE2A80061B511 /* AppDelegate.swift in Sources */ = {isa = PBXBuildFile; fileRef = 2663C0DB1DAEE2A80061B511 /* AppDelegate.swift */; };
		2663C0DE1DAEE2A80061B511 /* HomeViewController.swift in Sources */ = {isa = PBXBuildFile; fileRef = 2663C0DD1DAEE2A80061B511 /* HomeViewController.swift */; };
		2663C0E11DAEE2A80061B511 /* Main.storyboard in Resources */ = {isa = PBXBuildFile; fileRef = 2663C0DF1DAEE2A80061B511 /* Main.storyboard */; };
		2663C0E31DAEE2A80061B511 /* Assets.xcassets in Resources */ = {isa = PBXBuildFile; fileRef = 2663C0E21DAEE2A80061B511 /* Assets.xcassets */; };
		2663C0E61DAEE2A80061B511 /* LaunchScreen.storyboard in Resources */ = {isa = PBXBuildFile; fileRef = 2663C0E41DAEE2A80061B511 /* LaunchScreen.storyboard */; };
/* End PBXBuildFile section */

/* Begin PBXFileReference section */
		2617C25C1DB1CC9F005E4A84 /* Video.swift */ = {isa = PBXFileReference; fileEncoding = 4; lastKnownFileType = sourcecode.swift; path = Video.swift; sourceTree = "<group>"; };
		2617C25E1DB43970005E4A84 /* SettingLauncher.swift */ = {isa = PBXFileReference; fileEncoding = 4; lastKnownFileType = sourcecode.swift; path = SettingLauncher.swift; sourceTree = "<group>"; };
		2617C2601DB49839005E4A84 /* SettingCell.swift */ = {isa = PBXFileReference; fileEncoding = 4; lastKnownFileType = sourcecode.swift; path = SettingCell.swift; sourceTree = "<group>"; };
		265A90761DB038F000CD4CDF /* Extension.swift */ = {isa = PBXFileReference; fileEncoding = 4; lastKnownFileType = sourcecode.swift; path = Extension.swift; sourceTree = "<group>"; };
		265A90791DB0394C00CD4CDF /* VideoCell.swift */ = {isa = PBXFileReference; fileEncoding = 4; lastKnownFileType = sourcecode.swift; path = VideoCell.swift; sourceTree = "<group>"; };
		265A907D1DB03EC700CD4CDF /* MenuBar.swift */ = {isa = PBXFileReference; fileEncoding = 4; lastKnownFileType = sourcecode.swift; path = MenuBar.swift; sourceTree = "<group>"; };
		2663C0D81DAEE2A80061B511 /* YoutubeClone.app */ = {isa = PBXFileReference; explicitFileType = wrapper.application; includeInIndex = 0; path = YoutubeClone.app; sourceTree = BUILT_PRODUCTS_DIR; };
		2663C0DB1DAEE2A80061B511 /* AppDelegate.swift */ = {isa = PBXFileReference; lastKnownFileType = sourcecode.swift; path = AppDelegate.swift; sourceTree = "<group>"; };
		2663C0DD1DAEE2A80061B511 /* HomeViewController.swift */ = {isa = PBXFileReference; lastKnownFileType = sourcecode.swift; path = HomeViewController.swift; sourceTree = "<group>"; };
		2663C0E01DAEE2A80061B511 /* Base */ = {isa = PBXFileReference; lastKnownFileType = file.storyboard; name = Base; path = Base.lproj/Main.storyboard; sourceTree = "<group>"; };
		2663C0E21DAEE2A80061B511 /* Assets.xcassets */ = {isa = PBXFileReference; lastKnownFileType = folder.assetcatalog; path = Assets.xcassets; sourceTree = "<group>"; };
		2663C0E51DAEE2A80061B511 /* Base */ = {isa = PBXFileReference; lastKnownFileType = file.storyboard; name = Base; path = Base.lproj/LaunchScreen.storyboard; sourceTree = "<group>"; };
		2663C0E71DAEE2A80061B511 /* Info.plist */ = {isa = PBXFileReference; lastKnownFileType = text.plist.xml; path = Info.plist; sourceTree = "<group>"; };
/* End PBXFileReference section */

/* Begin PBXFrameworksBuildPhase section */
		2663C0D51DAEE2A80061B511 /* Frameworks */ = {
			isa = PBXFrameworksBuildPhase;
			buildActionMask = 2147483647;
			files = (
			);
			runOnlyForDeploymentPostprocessing = 0;
		};
/* End PBXFrameworksBuildPhase section */

/* Begin PBXGroup section */
		2617C25B1DB1CC8B005E4A84 /* Model */ = {
			isa = PBXGroup;
			children = (
				2617C25C1DB1CC9F005E4A84 /* Video.swift */,
			);
			name = Model;
			path = ..;
			sourceTree = "<group>";
		};
		265A90781DB038F400CD4CDF /* Helpers */ = {
			isa = PBXGroup;
			children = (
				265A90761DB038F000CD4CDF /* Extension.swift */,
			);
			name = Helpers;
			sourceTree = "<group>";
		};
		265A907B1DB0395200CD4CDF /* VIew */ = {
			isa = PBXGroup;
			children = (
				265A90791DB0394C00CD4CDF /* VideoCell.swift */,
				265A907D1DB03EC700CD4CDF /* MenuBar.swift */,
				2617C2601DB49839005E4A84 /* SettingCell.swift */,
			);
			name = VIew;
			sourceTree = "<group>";
		};
		265A907C1DB0399400CD4CDF /* Controller */ = {
			isa = PBXGroup;
			children = (
				2663C0DD1DAEE2A80061B511 /* HomeViewController.swift */,
				2617C25E1DB43970005E4A84 /* SettingLauncher.swift */,
			);
			name = Controller;
			sourceTree = "<group>";
		};
		2663C0CF1DAEE2A80061B511 = {
			isa = PBXGroup;
			children = (
				2663C0DA1DAEE2A80061B511 /* YoutubeClone */,
				2663C0D91DAEE2A80061B511 /* Products */,
			);
			sourceTree = "<group>";
		};
		2663C0D91DAEE2A80061B511 /* Products */ = {
			isa = PBXGroup;
			children = (
				2663C0D81DAEE2A80061B511 /* YoutubeClone.app */,
			);
			name = Products;
			sourceTree = "<group>";
		};
		2663C0DA1DAEE2A80061B511 /* YoutubeClone */ = {
			isa = PBXGroup;
			children = (
				2617C25B1DB1CC8B005E4A84 /* Model */,
				265A907B1DB0395200CD4CDF /* VIew */,
				265A90781DB038F400CD4CDF /* Helpers */,
				265A907C1DB0399400CD4CDF /* Controller */,
				2663C0DF1DAEE2A80061B511 /* Main.storyboard */,
				2663C0DB1DAEE2A80061B511 /* AppDelegate.swift */,
				2663C0E21DAEE2A80061B511 /* Assets.xcassets */,
				2663C0E41DAEE2A80061B511 /* LaunchScreen.storyboard */,
				2663C0E71DAEE2A80061B511 /* Info.plist */,
			);
			path = YoutubeClone;
			sourceTree = "<group>";
		};
/* End PBXGroup section */

/* Begin PBXNativeTarget section */
		2663C0D71DAEE2A80061B511 /* YoutubeClone */ = {
			isa = PBXNativeTarget;
			buildConfigurationList = 2663C0EA1DAEE2A80061B511 /* Build configuration list for PBXNativeTarget "YoutubeClone" */;
			buildPhases = (
				2663C0D41DAEE2A80061B511 /* Sources */,
				2663C0D51DAEE2A80061B511 /* Frameworks */,
				2663C0D61DAEE2A80061B511 /* Resources */,
			);
			buildRules = (
			);
			dependencies = (
			);
			name = YoutubeClone;
			productName = YoutubeClone;
			productReference = 2663C0D81DAEE2A80061B511 /* YoutubeClone.app */;
			productType = "com.apple.product-type.application";
		};
/* End PBXNativeTarget section */

/* Begin PBXProject section */
		2663C0D01DAEE2A80061B511 /* Project object */ = {
			isa = PBXProject;
			attributes = {
				LastSwiftUpdateCheck = 0800;
				LastUpgradeCheck = 0800;
				ORGANIZATIONNAME = "Ky Nguyen";
				TargetAttributes = {
					2663C0D71DAEE2A80061B511 = {
						CreatedOnToolsVersion = 8.0;
						ProvisioningStyle = Automatic;
					};
				};
			};
			buildConfigurationList = 2663C0D31DAEE2A80061B511 /* Build configuration list for PBXProject "YoutubeClone" */;
			compatibilityVersion = "Xcode 3.2";
			developmentRegion = English;
			hasScannedForEncodings = 0;
			knownRegions = (
				en,
				Base,
			);
			mainGroup = 2663C0CF1DAEE2A80061B511;
			productRefGroup = 2663C0D91DAEE2A80061B511 /* Products */;
			projectDirPath = "";
			projectRoot = "";
			targets = (
				2663C0D71DAEE2A80061B511 /* YoutubeClone */,
			);
		};
/* End PBXProject section */

/* Begin PBXResourcesBuildPhase section */
		2663C0D61DAEE2A80061B511 /* Resources */ = {
			isa = PBXResourcesBuildPhase;
			buildActionMask = 2147483647;
			files = (
				2663C0E61DAEE2A80061B511 /* LaunchScreen.storyboard in Resources */,
				2663C0E31DAEE2A80061B511 /* Assets.xcassets in Resources */,
				2663C0E11DAEE2A80061B511 /* Main.storyboard in Resources */,
			);
			runOnlyForDeploymentPostprocessing = 0;
		};
/* End PBXResourcesBuildPhase section */

/* Begin PBXSourcesBuildPhase section */
		2663C0D41DAEE2A80061B511 /* Sources */ = {
			isa = PBXSourcesBuildPhase;
			buildActionMask = 2147483647;
			files = (
				2617C25F1DB43970005E4A84 /* SettingLauncher.swift in Sources */,
				265A90771DB038F000CD4CDF /* Extension.swift in Sources */,
				2617C2611DB49839005E4A84 /* SettingCell.swift in Sources */,
				2617C25D1DB1CC9F005E4A84 /* Video.swift in Sources */,
				265A907A1DB0394C00CD4CDF /* VideoCell.swift in Sources */,
				2663C0DE1DAEE2A80061B511 /* HomeViewController.swift in Sources */,
				2663C0DC1DAEE2A80061B511 /* AppDelegate.swift in Sources */,
				265A907E1DB03EC700CD4CDF /* MenuBar.swift in Sources */,
			);
			runOnlyForDeploymentPostprocessing = 0;
		};
/* End PBXSourcesBuildPhase section */

/* Begin PBXVariantGroup section */
		2663C0DF1DAEE2A80061B511 /* Main.storyboard */ = {
			isa = PBXVariantGroup;
			children = (
				2663C0E01DAEE2A80061B511 /* Base */,
			);
			name = Main.storyboard;
			sourceTree = "<group>";
		};
		2663C0E41DAEE2A80061B511 /* LaunchScreen.storyboard */ = {
			isa = PBXVariantGroup;
			children = (
				2663C0E51DAEE2A80061B511 /* Base */,
			);
			name = LaunchScreen.storyboard;
			sourceTree = "<group>";
		};
/* End PBXVariantGroup section */

/* Begin XCBuildConfiguration section */
		2663C0E81DAEE2A80061B511 /* Debug */ = {
			isa = XCBuildConfiguration;
			buildSettings = {
				ALWAYS_SEARCH_USER_PATHS = NO;
				CLANG_ANALYZER_NONNULL = YES;
				CLANG_CXX_LANGUAGE_STANDARD = "gnu++0x";
				CLANG_CXX_LIBRARY = "libc++";
				CLANG_ENABLE_MODULES = YES;
				CLANG_ENABLE_OBJC_ARC = YES;
				CLANG_WARN_BOOL_CONVERSION = YES;
				CLANG_WARN_CONSTANT_CONVERSION = YES;
				CLANG_WARN_DIRECT_OBJC_ISA_USAGE = YES_ERROR;
				CLANG_WARN_DOCUMENTATION_COMMENTS = YES;
				CLANG_WARN_EMPTY_BODY = YES;
				CLANG_WARN_ENUM_CONVERSION = YES;
				CLANG_WARN_INFINITE_RECURSION = YES;
				CLANG_WARN_INT_CONVERSION = YES;
				CLANG_WARN_OBJC_ROOT_CLASS = YES_ERROR;
				CLANG_WARN_SUSPICIOUS_MOVES = YES;
				CLANG_WARN_UNREACHABLE_CODE = YES;
				CLANG_WARN__DUPLICATE_METHOD_MATCH = YES;
				"CODE_SIGN_IDENTITY[sdk=iphoneos*]" = "iPhone Developer";
				COPY_PHASE_STRIP = NO;
				DEBUG_INFORMATION_FORMAT = dwarf;
				ENABLE_STRICT_OBJC_MSGSEND = YES;
				ENABLE_TESTABILITY = YES;
				GCC_C_LANGUAGE_STANDARD = gnu99;
				GCC_DYNAMIC_NO_PIC = NO;
				GCC_NO_COMMON_BLOCKS = YES;
				GCC_OPTIMIZATION_LEVEL = 0;
				GCC_PREPROCESSOR_DEFINITIONS = (
					"DEBUG=1",
					"$(inherited)",
				);
				GCC_WARN_64_TO_32_BIT_CONVERSION = YES;
				GCC_WARN_ABOUT_RETURN_TYPE = YES_ERROR;
				GCC_WARN_UNDECLARED_SELECTOR = YES;
				GCC_WARN_UNINITIALIZED_AUTOS = YES_AGGRESSIVE;
				GCC_WARN_UNUSED_FUNCTION = YES;
				GCC_WARN_UNUSED_VARIABLE = YES;
				IPHONEOS_DEPLOYMENT_TARGET = 10.0;
				MTL_ENABLE_DEBUG_INFO = YES;
				ONLY_ACTIVE_ARCH = YES;
				SDKROOT = iphoneos;
				SWIFT_ACTIVE_COMPILATION_CONDITIONS = DEBUG;
				SWIFT_OPTIMIZATION_LEVEL = "-Onone";
				TARGETED_DEVICE_FAMILY = "1,2";
			};
			name = Debug;
		};
		2663C0E91DAEE2A80061B511 /* Release */ = {
			isa = XCBuildConfiguration;
			buildSettings = {
				ALWAYS_SEARCH_USER_PATHS = NO;
				CLANG_ANALYZER_NONNULL = YES;
				CLANG_CXX_LANGUAGE_STANDARD = "gnu++0x";
				CLANG_CXX_LIBRARY = "libc++";
				CLANG_ENABLE_MODULES = YES;
				CLANG_ENABLE_OBJC_ARC = YES;
				CLANG_WARN_BOOL_CONVERSION = YES;
				CLANG_WARN_CONSTANT_CONVERSION = YES;
				CLANG_WARN_DIRECT_OBJC_ISA_USAGE = YES_ERROR;
				CLANG_WARN_DOCUMENTATION_COMMENTS = YES;
				CLANG_WARN_EMPTY_BODY = YES;
				CLANG_WARN_ENUM_CONVERSION = YES;
				CLANG_WARN_INFINITE_RECURSION = YES;
				CLANG_WARN_INT_CONVERSION = YES;
				CLANG_WARN_OBJC_ROOT_CLASS = YES_ERROR;
				CLANG_WARN_SUSPICIOUS_MOVES = YES;
				CLANG_WARN_UNREACHABLE_CODE = YES;
				CLANG_WARN__DUPLICATE_METHOD_MATCH = YES;
				"CODE_SIGN_IDENTITY[sdk=iphoneos*]" = "iPhone Developer";
				COPY_PHASE_STRIP = NO;
				DEBUG_INFORMATION_FORMAT = "dwarf-with-dsym";
				ENABLE_NS_ASSERTIONS = NO;
				ENABLE_STRICT_OBJC_MSGSEND = YES;
				GCC_C_LANGUAGE_STANDARD = gnu99;
				GCC_NO_COMMON_BLOCKS = YES;
				GCC_WARN_64_TO_32_BIT_CONVERSION = YES;
				GCC_WARN_ABOUT_RETURN_TYPE = YES_ERROR;
				GCC_WARN_UNDECLARED_SELECTOR = YES;
				GCC_WARN_UNINITIALIZED_AUTOS = YES_AGGRESSIVE;
				GCC_WARN_UNUSED_FUNCTION = YES;
				GCC_WARN_UNUSED_VARIABLE = YES;
				IPHONEOS_DEPLOYMENT_TARGET = 10.0;
				MTL_ENABLE_DEBUG_INFO = NO;
				SDKROOT = iphoneos;
				SWIFT_OPTIMIZATION_LEVEL = "-Owholemodule";
				TARGETED_DEVICE_FAMILY = "1,2";
				VALIDATE_PRODUCT = YES;
			};
			name = Release;
		};
		2663C0EB1DAEE2A80061B511 /* Debug */ = {
			isa = XCBuildConfiguration;
			buildSettings = {
				ASSETCATALOG_COMPILER_APPICON_NAME = AppIcon;
				INFOPLIST_FILE = YoutubeClone/Info.plist;
				LD_RUNPATH_SEARCH_PATHS = "$(inherited) @executable_path/Frameworks";
				PRODUCT_BUNDLE_IDENTIFIER = kn.YoutubeClone;
				PRODUCT_NAME = "$(TARGET_NAME)";
				SWIFT_VERSION = 3.0;
			};
			name = Debug;
		};
		2663C0EC1DAEE2A80061B511 /* Release */ = {
			isa = XCBuildConfiguration;
			buildSettings = {
				ASSETCATALOG_COMPILER_APPICON_NAME = AppIcon;
				INFOPLIST_FILE = YoutubeClone/Info.plist;
				LD_RUNPATH_SEARCH_PATHS = "$(inherited) @executable_path/Frameworks";
				PRODUCT_BUNDLE_IDENTIFIER = kn.YoutubeClone;
				PRODUCT_NAME = "$(TARGET_NAME)";
				SWIFT_VERSION = 3.0;
			};
			name = Release;
		};
/* End XCBuildConfiguration section */

/* Begin XCConfigurationList section */
		2663C0D31DAEE2A80061B511 /* Build configuration list for PBXProject "YoutubeClone" */ = {
			isa = XCConfigurationList;
			buildConfigurations = (
				2663C0E81DAEE2A80061B511 /* Debug */,
				2663C0E91DAEE2A80061B511 /* Release */,
			);
			defaultConfigurationIsVisible = 0;
			defaultConfigurationName = Release;
		};
		2663C0EA1DAEE2A80061B511 /* Build configuration list for PBXNativeTarget "YoutubeClone" */ = {
			isa = XCConfigurationList;
			buildConfigurations = (
				2663C0EB1DAEE2A80061B511 /* Debug */,
				2663C0EC1DAEE2A80061B511 /* Release */,
			);
			defaultConfigurationIsVisible = 0;
			defaultConfigurationName = Release;
		};
/* End XCConfigurationList section */
	};
	rootObject = 2663C0D01DAEE2A80061B511 /* Project object */;
}
